
Microsoft Visual Studio Solution File, Format Version 12.00
# Visual Studio Version 17
VisualStudioVersion = 17.12.35527.113 d17.12
MinimumVisualStudioVersion = 10.0.40219.1
Project("{FAE04EC0-301F-11D3-BF4B-00C04F79EFBC}") = "Tumakov", "Tumakov\Tumakov.csproj", "{C52A38A3-0FD1-4B95-9EBA-59C86990140D}"
EndProject
Project("{FAE04EC0-301F-11D3-BF4B-00C04F79EFBC}") = "Files", "Files\Files.csproj", "{532E0E25-72B1-4F5C-817B-1D57B6075AE4}"
EndProject
Project("{FAE04EC0-301F-11D3-BF4B-00C04F79EFBC}") = "Lecture", "Lecture\Lecture.csproj", "{1C7A4EED-2847-4DF7-AD1B-5C0A36E17E0E}"
EndProject
Global
	GlobalSection(SolutionConfigurationPlatforms) = preSolution
		Debug|Any CPU = Debug|Any CPU
		Release|Any CPU = Release|Any CPU
	EndGlobalSection
	GlobalSection(ProjectConfigurationPlatforms) = postSolution
		{C52A38A3-0FD1-4B95-9EBA-59C86990140D}.Debug|Any CPU.ActiveCfg = Debug|Any CPU
		{C52A38A3-0FD1-4B95-9EBA-59C86990140D}.Debug|Any CPU.Build.0 = Debug|Any CPU
		{C52A38A3-0FD1-4B95-9EBA-59C86990140D}.Release|Any CPU.ActiveCfg = Release|Any CPU
		{C52A38A3-0FD1-4B95-9EBA-59C86990140D}.Release|Any CPU.Build.0 = Release|Any CPU
		{532E0E25-72B1-4F5C-817B-1D57B6075AE4}.Debug|Any CPU.ActiveCfg = Debug|Any CPU
		{532E0E25-72B1-4F5C-817B-1D57B6075AE4}.Debug|Any CPU.Build.0 = Debug|Any CPU
		{532E0E25-72B1-4F5C-817B-1D57B6075AE4}.Release|Any CPU.ActiveCfg = Release|Any CPU
		{532E0E25-72B1-4F5C-817B-1D57B6075AE4}.Release|Any CPU.Build.0 = Release|Any CPU
		{1C7A4EED-2847-4DF7-AD1B-5C0A36E17E0E}.Debug|Any CPU.ActiveCfg = Debug|Any CPU
		{1C7A4EED-2847-4DF7-AD1B-5C0A36E17E0E}.Debug|Any CPU.Build.0 = Debug|Any CPU
		{1C7A4EED-2847-4DF7-AD1B-5C0A36E17E0E}.Release|Any CPU.ActiveCfg = Release|Any CPU
		{1C7A4EED-2847-4DF7-AD1B-5C0A36E17E0E}.Release|Any CPU.Build.0 = Release|Any CPU
	EndGlobalSection
	GlobalSection(SolutionProperties) = preSolution
		HideSolutionNode = FALSE
	EndGlobalSection
EndGlobal
